// !$*UTF8*$!
{
	archiveVersion = 1;
	classes = {
	};
	objectVersion = 46;
	objects = {

/* Begin PBXBuildFile section */
		D308EB191E4BFF3D001F077D /* main.m in Sources */ = {isa = PBXBuildFile; fileRef = D308EB181E4BFF3D001F077D /* main.m */; };
		D308EB1C1E4BFF3D001F077D /* AppDelegate.m in Sources */ = {isa = PBXBuildFile; fileRef = D308EB1B1E4BFF3D001F077D /* AppDelegate.m */; };
		D308EB1F1E4BFF3D001F077D /* ViewController.m in Sources */ = {isa = PBXBuildFile; fileRef = D308EB1E1E4BFF3D001F077D /* ViewController.m */; };
		D308EB221E4BFF3D001F077D /* Main.storyboard in Resources */ = {isa = PBXBuildFile; fileRef = D308EB201E4BFF3D001F077D /* Main.storyboard */; };
		D308EB241E4BFF3D001F077D /* Assets.xcassets in Resources */ = {isa = PBXBuildFile; fileRef = D308EB231E4BFF3D001F077D /* Assets.xcassets */; };
		D308EB271E4BFF3D001F077D /* LaunchScreen.storyboard in Resources */ = {isa = PBXBuildFile; fileRef = D308EB251E4BFF3D001F077D /* LaunchScreen.storyboard */; };
/* End PBXBuildFile section */

/* Begin PBXFileReference section */
		D308EB141E4BFF3D001F077D /* AppOne.app */ = {isa = PBXFileReference; explicitFileType = wrapper.application; includeInIndex = 0; path = AppOne.app; sourceTree = BUILT_PRODUCTS_DIR; };
		D308EB181E4BFF3D001F077D /* main.m */ = {isa = PBXFileReference; lastKnownFileType = sourcecode.c.objc; path = main.m; sourceTree = "<group>"; };
		D308EB1A1E4BFF3D001F077D /* AppDelegate.h */ = {isa = PBXFileReference; lastKnownFileType = sourcecode.c.h; path = AppDelegate.h; sourceTree = "<group>"; };
		D308EB1B1E4BFF3D001F077D /* AppDelegate.m */ = {isa = PBXFileReference; lastKnownFileType = sourcecode.c.objc; path = AppDelegate.m; sourceTree = "<group>"; };
		D308EB1D1E4BFF3D001F077D /* ViewController.h */ = {isa = PBXFileReference; lastKnownFileType = sourcecode.c.h; path = ViewController.h; sourceTree = "<group>"; };
		D308EB1E1E4BFF3D001F077D /* ViewController.m */ = {isa = PBXFileReference; lastKnownFileType = sourcecode.c.objc; path = ViewController.m; sourceTree = "<group>"; };
		D308EB211E4BFF3D001F077D /* Base */ = {isa = PBXFileReference; lastKnownFileType = file.storyboard; name = Base; path = Base.lproj/Main.storyboard; sourceTree = "<group>"; };
		D308EB231E4BFF3D001F077D /* Assets.xcassets */ = {isa = PBXFileReference; lastKnownFileType = folder.assetcatalog; path = Assets.xcassets; sourceTree = "<group>"; };
		D308EB261E4BFF3D001F077D /* Base */ = {isa = PBXFileReference; lastKnownFileType = file.storyboard; name = Base; path = Base.lproj/LaunchScreen.storyboard; sourceTree = "<group>"; };
		D308EB281E4BFF3D001F077D /* Info.plist */ = {isa = PBXFileReference; lastKnownFileType = text.plist.xml; path = Info.plist; sourceTree = "<group>"; };
/* End PBXFileReference section */

/* Begin PBXFrameworksBuildPhase section */
		D308EB111E4BFF3D001F077D /* Frameworks */ = {
			isa = PBXFrameworksBuildPhase;
			buildActionMask = 2147483647;
			files = (
			);
			runOnlyForDeploymentPostprocessing = 0;
		};
/* End PBXFrameworksBuildPhase section */

/* Begin PBXGroup section */
		D308EB0B1E4BFF3D001F077D = {
			isa = PBXGroup;
			children = (
				D308EB161E4BFF3D001F077D /* AppOne */,
				D308EB151E4BFF3D001F077D /* Products */,
			);
			sourceTree = "<group>";
		};
		D308EB151E4BFF3D001F077D /* Products */ = {
			isa = PBXGroup;
			children = (
				D308EB141E4BFF3D001F077D /* AppOne.app */,
			);
			name = Products;
			sourceTree = "<group>";
		};
		D308EB161E4BFF3D001F077D /* AppOne */ = {
			isa = PBXGroup;
			children = (
				D308EB1A1E4BFF3D001F077D /* AppDelegate.h */,
				D308EB1B1E4BFF3D001F077D /* AppDelegate.m */,
				D308EB1D1E4BFF3D001F077D /* ViewController.h */,
				D308EB1E1E4BFF3D001F077D /* ViewController.m */,
				D308EB201E4BFF3D001F077D /* Main.storyboard */,
				D308EB231E4BFF3D001F077D /* Assets.xcassets */,
				D308EB251E4BFF3D001F077D /* LaunchScreen.storyboard */,
				D308EB281E4BFF3D001F077D /* Info.plist */,
				D308EB171E4BFF3D001F077D /* Supporting Files */,
			);
			path = AppOne;
			sourceTree = "<group>";
		};
		D308EB171E4BFF3D001F077D /* Supporting Files */ = {
			isa = PBXGroup;
			children = (
				D308EB181E4BFF3D001F077D /* main.m */,
			);
			name = "Supporting Files";
			sourceTree = "<group>";
		};
/* End PBXGroup section */

/* Begin PBXNativeTarget section */
		D308EB131E4BFF3D001F077D /* AppOne */ = {
			isa = PBXNativeTarget;
			buildConfigurationList = D308EB2B1E4BFF3D001F077D /* Build configuration list for PBXNativeTarget "AppOne" */;
			buildPhases = (
				D308EB101E4BFF3D001F077D /* Sources */,
				D308EB111E4BFF3D001F077D /* Frameworks */,
				D308EB121E4BFF3D001F077D /* Resources */,
			);
			buildRules = (
			);
			dependencies = (
			);
			name = AppOne;
			productName = AppOne;
			productReference = D308EB141E4BFF3D001F077D /* AppOne.app */;
			productType = "com.apple.product-type.application";
		};
/* End PBXNativeTarget section */

/* Begin PBXProject section */
		D308EB0C1E4BFF3D001F077D /* Project object */ = {
			isa = PBXProject;
			attributes = {
				LastUpgradeCheck = 0800;
				ORGANIZATIONNAME = leixiang;
				TargetAttributes = {
					D308EB131E4BFF3D001F077D = {
						CreatedOnToolsVersion = 8.0;
						DevelopmentTeam = W222R58V26;
						ProvisioningStyle = Automatic;
					};
				};
			};
			buildConfigurationList = D308EB0F1E4BFF3D001F077D /* Build configuration list for PBXProject "AppOne" */;
			compatibilityVersion = "Xcode 3.2";
			developmentRegion = English;
			hasScannedForEncodings = 0;
			knownRegions = (
				en,
				Base,
			);
			mainGroup = D308EB0B1E4BFF3D001F077D;
			productRefGroup = D308EB151E4BFF3D001F077D /* Products */;
			projectDirPath = "";
			projectRoot = "";
			targets = (
				D308EB131E4BFF3D001F077D /* AppOne */,
			);
		};
/* End PBXProject section */

/* Begin PBXResourcesBuildPhase section */
		D308EB121E4BFF3D001F077D /* Resources */ = {
			isa = PBXResourcesBuildPhase;
			buildActionMask = 2147483647;
			files = (
				D308EB271E4BFF3D001F077D /* LaunchScreen.storyboard in Resources */,
				D308EB241E4BFF3D001F077D /* Assets.xcassets in Resources */,
				D308EB221E4BFF3D001F077D /* Main.storyboard in Resources */,
			);
			runOnlyForDeploymentPostprocessing = 0;
		};
/* End PBXResourcesBuildPhase section */

/* Begin PBXSourcesBuildPhase section */
		D308EB101E4BFF3D001F077D /* Sources */ = {
			isa = PBXSourcesBuildPhase;
			buildActionMask = 2147483647;
			files = (
				D308EB1F1E4BFF3D001F077D /* ViewController.m in Sources */,
				D308EB1C1E4BFF3D001F077D /* AppDelegate.m in Sources */,
				D308EB191E4BFF3D001F077D /* main.m in Sources */,
			);
			runOnlyForDeploymentPostprocessing = 0;
		};
/* End PBXSourcesBuildPhase section */

/* Begin PBXVariantGroup section */
		D308EB201E4BFF3D001F077D /* Main.storyboard */ = {
			isa = PBXVariantGroup;
			children = (
				D308EB211E4BFF3D001F077D /* Base */,
			);
			name = Main.storyboard;
			sourceTree = "<group>";
		};
		D308EB251E4BFF3D001F077D /* LaunchScreen.storyboard */ = {
			isa = PBXVariantGroup;
			children = (
				D308EB261E4BFF3D001F077D /* Base */,
			);
			name = LaunchScreen.storyboard;
			sourceTree = "<group>";
		};
/* End PBXVariantGroup section */

/* Begin XCBuildConfiguration section */
		D308EB291E4BFF3D001F077D /* Debug */ = {
			isa = XCBuildConfiguration;
			buildSettings = {
				ALWAYS_SEARCH_USER_PATHS = NO;
				CLANG_ANALYZER_NONNULL = YES;
				CLANG_CXX_LANGUAGE_STANDARD = "gnu++0x";
				CLANG_CXX_LIBRARY = "libc++";
				CLANG_ENABLE_MODULES = YES;
				CLANG_ENABLE_OBJC_ARC = YES;
				CLANG_WARN_BOOL_CONVERSION = YES;
				CLANG_WARN_CONSTANT_CONVERSION = YES;
				CLANG_WARN_DIRECT_OBJC_ISA_USAGE = YES_ERROR;
				CLANG_WARN_DOCUMENTATION_COMMENTS = YES;
				CLANG_WARN_EMPTY_BODY = YES;
				CLANG_WARN_ENUM_CONVERSION = YES;
				CLANG_WARN_INFINITE_RECURSION = YES;
				CLANG_WARN_INT_CONVERSION = YES;
				CLANG_WARN_OBJC_ROOT_CLASS = YES_ERROR;
				CLANG_WARN_SUSPICIOUS_MOVES = YES;
				CLANG_WARN_UNREACHABLE_CODE = YES;
				CLANG_WARN__DUPLICATE_METHOD_MATCH = YES;
				"CODE_SIGN_IDENTITY[sdk=iphoneos*]" = "iPhone Developer";
				COPY_PHASE_STRIP = NO;
				DEBUG_INFORMATION_FORMAT = dwarf;
				ENABLE_STRICT_OBJC_MSGSEND = YES;
				ENABLE_TESTABILITY = YES;
				GCC_C_LANGUAGE_STANDARD = gnu99;
				GCC_DYNAMIC_NO_PIC = NO;
				GCC_NO_COMMON_BLOCKS = YES;
				GCC_OPTIMIZATION_LEVEL = 0;
				GCC_PREPROCESSOR_DEFINITIONS = (
					"DEBUG=1",
					"$(inherited)",
				);
				GCC_WARN_64_TO_32_BIT_CONVERSION = YES;
				GCC_WARN_ABOUT_RETURN_TYPE = YES_ERROR;
				GCC_WARN_UNDECLARED_SELECTOR = YES;
				GCC_WARN_UNINITIALIZED_AUTOS = YES_AGGRESSIVE;
				GCC_WARN_UNUSED_FUNCTION = YES;
				GCC_WARN_UNUSED_VARIABLE = YES;
				IPHONEOS_DEPLOYMENT_TARGET = 10.0;
				MTL_ENABLE_DEBUG_INFO = YES;
				ONLY_ACTIVE_ARCH = YES;
				SDKROOT = iphoneos;
			};
			name = Debug;
		};
		D308EB2A1E4BFF3D001F077D /* Release */ = {
			isa = XCBuildConfiguration;
			buildSettings = {
				ALWAYS_SEARCH_USER_PATHS = NO;
				CLANG_ANALYZER_NONNULL = YES;
				CLANG_CXX_LANGUAGE_STANDARD = "gnu++0x";
				CLANG_CXX_LIBRARY = "libc++";
				CLANG_ENABLE_MODULES = YES;
				CLANG_ENABLE_OBJC_ARC = YES;
				CLANG_WARN_BOOL_CONVERSION = YES;
				CLANG_WARN_CONSTANT_CONVERSION = YES;
				CLANG_WARN_DIRECT_OBJC_ISA_USAGE = YES_ERROR;
				CLANG_WARN_DOCUMENTATION_COMMENTS = YES;
				CLANG_WARN_EMPTY_BODY = YES;
				CLANG_WARN_ENUM_CONVERSION = YES;
				CLANG_WARN_INFINITE_RECURSION = YES;
				CLANG_WARN_INT_CONVERSION = YES;
				CLANG_WARN_OBJC_ROOT_CLASS = YES_ERROR;
				CLANG_WARN_SUSPICIOUS_MOVES = YES;
				CLANG_WARN_UNREACHABLE_CODE = YES;
				CLANG_WARN__DUPLICATE_METHOD_MATCH = YES;
				"CODE_SIGN_IDENTITY[sdk=iphoneos*]" = "iPhone Developer";
				COPY_PHASE_STRIP = NO;
				DEBUG_INFORMATION_FORMAT = "dwarf-with-dsym";
				ENABLE_NS_ASSERTIONS = NO;
				ENABLE_STRICT_OBJC_MSGSEND = YES;
				GCC_C_LANGUAGE_STANDARD = gnu99;
				GCC_NO_COMMON_BLOCKS = YES;
				GCC_WARN_64_TO_32_BIT_CONVERSION = YES;
				GCC_WARN_ABOUT_RETURN_TYPE = YES_ERROR;
				GCC_WARN_UNDECLARED_SELECTOR = YES;
				GCC_WARN_UNINITIALIZED_AUTOS = YES_AGGRESSIVE;
				GCC_WARN_UNUSED_FUNCTION = YES;
				GCC_WARN_UNUSED_VARIABLE = YES;
				IPHONEOS_DEPLOYMENT_TARGET = 10.0;
				MTL_ENABLE_DEBUG_INFO = NO;
				SDKROOT = iphoneos;
				VALIDATE_PRODUCT = YES;
			};
			name = Release;
		};
		D308EB2C1E4BFF3D001F077D /* Debug */ = {
			isa = XCBuildConfiguration;
			buildSettings = {
				ASSETCATALOG_COMPILER_APPICON_NAME = AppIcon;
				DEVELOPMENT_TEAM = W222R58V26;
				INFOPLIST_FILE = AppOne/Info.plist;
				IPHONEOS_DEPLOYMENT_TARGET = 8.0;
				LD_RUNPATH_SEARCH_PATHS = "$(inherited) @executable_path/Frameworks";
				PRODUCT_BUNDLE_IDENTIFIER = com.jhsys.AppOne;
				PRODUCT_NAME = "$(TARGET_NAME)";
			};
			name = Debug;
		};
		D308EB2D1E4BFF3D001F077D /* Release */ = {
			isa = XCBuildConfiguration;
			buildSettings = {
				ASSETCATALOG_COMPILER_APPICON_NAME = AppIcon;
				DEVELOPMENT_TEAM = W222R58V26;
				INFOPLIST_FILE = AppOne/Info.plist;
				IPHONEOS_DEPLOYMENT_TARGET = 8.0;
				LD_RUNPATH_SEARCH_PATHS = "$(inherited) @executable_path/Frameworks";
				PRODUCT_BUNDLE_IDENTIFIER = com.jhsys.AppOne;
				PRODUCT_NAME = "$(TARGET_NAME)";
			};
			name = Release;
		};
/* End XCBuildConfiguration section */

/* Begin XCConfigurationList section */
		D308EB0F1E4BFF3D001F077D /* Build configuration list for PBXProject "AppOne" */ = {
			isa = XCConfigurationList;
			buildConfigurations = (
				D308EB291E4BFF3D001F077D /* Debug */,
				D308EB2A1E4BFF3D001F077D /* Release */,
			);
			defaultConfigurationIsVisible = 0;
			defaultConfigurationName = Release;
		};
		D308EB2B1E4BFF3D001F077D /* Build configuration list for PBXNativeTarget "AppOne" */ = {
			isa = XCConfigurationList;
			buildConfigurations = (
				D308EB2C1E4BFF3D001F077D /* Debug */,
				D308EB2D1E4BFF3D001F077D /* Release */,
			);
			defaultConfigurationIsVisible = 0;
		};
/* End XCConfigurationList section */
	};
	rootObject = D308EB0C1E4BFF3D001F077D /* Project object */;
}
